
Microsoft Visual Studio Solution File, Format Version 12.00
# Visual Studio Version 17
VisualStudioVersion = 17.4.33213.308
MinimumVisualStudioVersion = 10.0.40219.1
Project("{9A19103F-16F7-4668-BE54-9A1E7A4F7556}") = "HelloWorld", "HelloWorld\HelloWorld.csproj", "{ACBC66B7-F903-4668-B1B6-5E79ADB40C0C}"
EndProject
Project("{9A19103F-16F7-4668-BE54-9A1E7A4F7556}") = "WorkOutMVC", "WorkOutMVC\WorkOutMVC.csproj", "{33A2D0D6-C112-4A4C-892E-2314E11AE1F1}"
EndProject
Project("{9A19103F-16F7-4668-BE54-9A1E7A4F7556}") = "MyselfMVC", "MyselfMVC\MyselfMVC.csproj", "{A92A9244-F59C-4ABD-8111-B088A20FFC6E}"
EndProject
Project("{FAE04EC0-301F-11D3-BF4B-00C04F79EFBC}") = "SFMS", "SFMS\SFMS.csproj", "{9D1323EC-F160-4F7C-9FFB-637BD8EC93DD}"
EndProject
Global
	GlobalSection(SolutionConfigurationPlatforms) = preSolution
		Debug|Any CPU = Debug|Any CPU
		Release|Any CPU = Release|Any CPU
	EndGlobalSection
	GlobalSection(ProjectConfigurationPlatforms) = postSolution
		{ACBC66B7-F903-4668-B1B6-5E79ADB40C0C}.Debug|Any CPU.ActiveCfg = Debug|Any CPU
		{ACBC66B7-F903-4668-B1B6-5E79ADB40C0C}.Debug|Any CPU.Build.0 = Debug|Any CPU
		{ACBC66B7-F903-4668-B1B6-5E79ADB40C0C}.Release|Any CPU.ActiveCfg = Release|Any CPU
		{ACBC66B7-F903-4668-B1B6-5E79ADB40C0C}.Release|Any CPU.Build.0 = Release|Any CPU
		{33A2D0D6-C112-4A4C-892E-2314E11AE1F1}.Debug|Any CPU.ActiveCfg = Debug|Any CPU
		{33A2D0D6-C112-4A4C-892E-2314E11AE1F1}.Debug|Any CPU.Build.0 = Debug|Any CPU
		{33A2D0D6-C112-4A4C-892E-2314E11AE1F1}.Release|Any CPU.ActiveCfg = Release|Any CPU
		{33A2D0D6-C112-4A4C-892E-2314E11AE1F1}.Release|Any CPU.Build.0 = Release|Any CPU
		{A92A9244-F59C-4ABD-8111-B088A20FFC6E}.Debug|Any CPU.ActiveCfg = Debug|Any CPU
		{A92A9244-F59C-4ABD-8111-B088A20FFC6E}.Debug|Any CPU.Build.0 = Debug|Any CPU
		{A92A9244-F59C-4ABD-8111-B088A20FFC6E}.Release|Any CPU.ActiveCfg = Release|Any CPU
		{A92A9244-F59C-4ABD-8111-B088A20FFC6E}.Release|Any CPU.Build.0 = Release|Any CPU
		{9D1323EC-F160-4F7C-9FFB-637BD8EC93DD}.Debug|Any CPU.ActiveCfg = Debug|Any CPU
		{9D1323EC-F160-4F7C-9FFB-637BD8EC93DD}.Debug|Any CPU.Build.0 = Debug|Any CPU
		{9D1323EC-F160-4F7C-9FFB-637BD8EC93DD}.Release|Any CPU.ActiveCfg = Release|Any CPU
		{9D1323EC-F160-4F7C-9FFB-637BD8EC93DD}.Release|Any CPU.Build.0 = Release|Any CPU
	EndGlobalSection
	GlobalSection(SolutionProperties) = preSolution
		HideSolutionNode = FALSE
	EndGlobalSection
	GlobalSection(ExtensibilityGlobals) = postSolution
		SolutionGuid = {371D59F5-AC32-4B73-BF08-1C972911A2E2}
	EndGlobalSection
EndGlobal
